
Microsoft Visual Studio Solution File, Format Version 12.00
# Visual Studio Version 17
VisualStudioVersion = 17.0.31903.59
MinimumVisualStudioVersion = 10.0.40219.1
Project("{FAE04EC0-301F-11D3-BF4B-00C04F79EFBC}") = "Webapi", "Webapi\Webapi.csproj", "{5567D0CC-008C-48ED-B5D7-C3834B20070A}"
EndProject
Project("{FAE04EC0-301F-11D3-BF4B-00C04F79EFBC}") = "Infrastructure", "Infrastructure\Infrastructure.csproj", "{C94A1649-DFE7-4514-8BCB-BE6801E65CDD}"
EndProject
Project("{FAE04EC0-301F-11D3-BF4B-00C04F79EFBC}") = "Domain", "Domain\Domain.csproj", "{A5094664-5916-4B7D-A237-4924E0D555CE}"
EndProject
Global
	GlobalSection(SolutionConfigurationPlatforms) = preSolution
		Debug|Any CPU = Debug|Any CPU
		Debug|x64 = Debug|x64
		Debug|x86 = Debug|x86
		Release|Any CPU = Release|Any CPU
		Release|x64 = Release|x64
		Release|x86 = Release|x86
	EndGlobalSection
	GlobalSection(ProjectConfigurationPlatforms) = postSolution
		{5567D0CC-008C-48ED-B5D7-C3834B20070A}.Debug|Any CPU.ActiveCfg = Debug|Any CPU
		{5567D0CC-008C-48ED-B5D7-C3834B20070A}.Debug|Any CPU.Build.0 = Debug|Any CPU
		{5567D0CC-008C-48ED-B5D7-C3834B20070A}.Debug|x64.ActiveCfg = Debug|Any CPU
		{5567D0CC-008C-48ED-B5D7-C3834B20070A}.Debug|x64.Build.0 = Debug|Any CPU
		{5567D0CC-008C-48ED-B5D7-C3834B20070A}.Debug|x86.ActiveCfg = Debug|Any CPU
		{5567D0CC-008C-48ED-B5D7-C3834B20070A}.Debug|x86.Build.0 = Debug|Any CPU
		{5567D0CC-008C-48ED-B5D7-C3834B20070A}.Release|Any CPU.ActiveCfg = Release|Any CPU
		{5567D0CC-008C-48ED-B5D7-C3834B20070A}.Release|Any CPU.Build.0 = Release|Any CPU
		{5567D0CC-008C-48ED-B5D7-C3834B20070A}.Release|x64.ActiveCfg = Release|Any CPU
		{5567D0CC-008C-48ED-B5D7-C3834B20070A}.Release|x64.Build.0 = Release|Any CPU
		{5567D0CC-008C-48ED-B5D7-C3834B20070A}.Release|x86.ActiveCfg = Release|Any CPU
		{5567D0CC-008C-48ED-B5D7-C3834B20070A}.Release|x86.Build.0 = Release|Any CPU
		{C94A1649-DFE7-4514-8BCB-BE6801E65CDD}.Debug|Any CPU.ActiveCfg = Debug|Any CPU
		{C94A1649-DFE7-4514-8BCB-BE6801E65CDD}.Debug|Any CPU.Build.0 = Debug|Any CPU
		{C94A1649-DFE7-4514-8BCB-BE6801E65CDD}.Debug|x64.ActiveCfg = Debug|Any CPU
		{C94A1649-DFE7-4514-8BCB-BE6801E65CDD}.Debug|x64.Build.0 = Debug|Any CPU
		{C94A1649-DFE7-4514-8BCB-BE6801E65CDD}.Debug|x86.ActiveCfg = Debug|Any CPU
		{C94A1649-DFE7-4514-8BCB-BE6801E65CDD}.Debug|x86.Build.0 = Debug|Any CPU
		{C94A1649-DFE7-4514-8BCB-BE6801E65CDD}.Release|Any CPU.ActiveCfg = Release|Any CPU
		{C94A1649-DFE7-4514-8BCB-BE6801E65CDD}.Release|Any CPU.Build.0 = Release|Any CPU
		{C94A1649-DFE7-4514-8BCB-BE6801E65CDD}.Release|x64.ActiveCfg = Release|Any CPU
		{C94A1649-DFE7-4514-8BCB-BE6801E65CDD}.Release|x64.Build.0 = Release|Any CPU
		{C94A1649-DFE7-4514-8BCB-BE6801E65CDD}.Release|x86.ActiveCfg = Release|Any CPU
		{C94A1649-DFE7-4514-8BCB-BE6801E65CDD}.Release|x86.Build.0 = Release|Any CPU
		{A5094664-5916-4B7D-A237-4924E0D555CE}.Debug|Any CPU.ActiveCfg = Debug|Any CPU
		{A5094664-5916-4B7D-A237-4924E0D555CE}.Debug|Any CPU.Build.0 = Debug|Any CPU
		{A5094664-5916-4B7D-A237-4924E0D555CE}.Debug|x64.ActiveCfg = Debug|Any CPU
		{A5094664-5916-4B7D-A237-4924E0D555CE}.Debug|x64.Build.0 = Debug|Any CPU
		{A5094664-5916-4B7D-A237-4924E0D555CE}.Debug|x86.ActiveCfg = Debug|Any CPU
		{A5094664-5916-4B7D-A237-4924E0D555CE}.Debug|x86.Build.0 = Debug|Any CPU
		{A5094664-5916-4B7D-A237-4924E0D555CE}.Release|Any CPU.ActiveCfg = Release|Any CPU
		{A5094664-5916-4B7D-A237-4924E0D555CE}.Release|Any CPU.Build.0 = Release|Any CPU
		{A5094664-5916-4B7D-A237-4924E0D555CE}.Release|x64.ActiveCfg = Release|Any CPU
		{A5094664-5916-4B7D-A237-4924E0D555CE}.Release|x64.Build.0 = Release|Any CPU
		{A5094664-5916-4B7D-A237-4924E0D555CE}.Release|x86.ActiveCfg = Release|Any CPU
		{A5094664-5916-4B7D-A237-4924E0D555CE}.Release|x86.Build.0 = Release|Any CPU
	EndGlobalSection
	GlobalSection(SolutionProperties) = preSolution
		HideSolutionNode = FALSE
	EndGlobalSection
EndGlobal
